// !$*UTF8*$!
{
	archiveVersion = 1;
	classes = {
	};
	objectVersion = 51;
	objects = {

/* Begin PBXBuildFile section */
		309B5335CC97060A9B099FA1 /* Pods_UicollectionInTableView.framework in Frameworks */ = {isa = PBXBuildFile; fileRef = 095F703AAD61F922821E8B25 /* Pods_UicollectionInTableView.framework */; };
		8D23FA072503BDA30036B6CD /* HomeResponseApi.swift in Sources */ = {isa = PBXBuildFile; fileRef = 8D23FA062503BDA30036B6CD /* HomeResponseApi.swift */; };
		8D23FA0C2503BE640036B6CD /* Constants.swift in Sources */ = {isa = PBXBuildFile; fileRef = 8D23FA0B2503BE640036B6CD /* Constants.swift */; };
		8D872E3424FB7F2700BC8731 /* AppDelegate.swift in Sources */ = {isa = PBXBuildFile; fileRef = 8D872E3324FB7F2700BC8731 /* AppDelegate.swift */; };
		8D872E3624FB7F2700BC8731 /* ViewController.swift in Sources */ = {isa = PBXBuildFile; fileRef = 8D872E3524FB7F2700BC8731 /* ViewController.swift */; };
		8D872E3924FB7F2700BC8731 /* Main.storyboard in Resources */ = {isa = PBXBuildFile; fileRef = 8D872E3724FB7F2700BC8731 /* Main.storyboard */; };
		8D872E3B24FB7F2900BC8731 /* Assets.xcassets in Resources */ = {isa = PBXBuildFile; fileRef = 8D872E3A24FB7F2900BC8731 /* Assets.xcassets */; };
		8D872E3E24FB7F2900BC8731 /* LaunchScreen.storyboard in Resources */ = {isa = PBXBuildFile; fileRef = 8D872E3C24FB7F2900BC8731 /* LaunchScreen.storyboard */; };
		8D872E4624FB827D00BC8731 /* TableViewCell.swift in Sources */ = {isa = PBXBuildFile; fileRef = 8D872E4524FB827D00BC8731 /* TableViewCell.swift */; };
		8DDB35CD250571CE005C1BD4 /* ItemsApi.swift in Sources */ = {isa = PBXBuildFile; fileRef = 8DDB35CC250571CE005C1BD4 /* ItemsApi.swift */; };
		8DE983082504EFD0009F08F7 /* Subcategory.swift in Sources */ = {isa = PBXBuildFile; fileRef = 8DE983012504EFD0009F08F7 /* Subcategory.swift */; };
		8DE983092504EFD0009F08F7 /* Daily_deals.swift in Sources */ = {isa = PBXBuildFile; fileRef = 8DE983022504EFD0009F08F7 /* Daily_deals.swift */; };
		8DE9830A2504EFD0009F08F7 /* Items.swift in Sources */ = {isa = PBXBuildFile; fileRef = 8DE983032504EFD0009F08F7 /* Items.swift */; };
		8DE9830B2504EFD0009F08F7 /* HomeResponse.swift in Sources */ = {isa = PBXBuildFile; fileRef = 8DE983042504EFD0009F08F7 /* HomeResponse.swift */; };
		8DE9830C2504EFD0009F08F7 /* Sections.swift in Sources */ = {isa = PBXBuildFile; fileRef = 8DE983052504EFD0009F08F7 /* Sections.swift */; };
		8DE9830D2504EFD0009F08F7 /* Category.swift in Sources */ = {isa = PBXBuildFile; fileRef = 8DE983062504EFD0009F08F7 /* Category.swift */; };
		8DE9830E2504EFD0009F08F7 /* Banner.swift in Sources */ = {isa = PBXBuildFile; fileRef = 8DE983072504EFD0009F08F7 /* Banner.swift */; };
/* End PBXBuildFile section */

/* Begin PBXFileReference section */
		095F703AAD61F922821E8B25 /* Pods_UicollectionInTableView.framework */ = {isa = PBXFileReference; explicitFileType = wrapper.framework; includeInIndex = 0; path = Pods_UicollectionInTableView.framework; sourceTree = BUILT_PRODUCTS_DIR; };
		272B674ACC5F670D7BE5255E /* Pods-UicollectionInTableView.debug.xcconfig */ = {isa = PBXFileReference; includeInIndex = 1; lastKnownFileType = text.xcconfig; name = "Pods-UicollectionInTableView.debug.xcconfig"; path = "Pods/Target Support Files/Pods-UicollectionInTableView/Pods-UicollectionInTableView.debug.xcconfig"; sourceTree = "<group>"; };
		8D23FA062503BDA30036B6CD /* HomeResponseApi.swift */ = {isa = PBXFileReference; lastKnownFileType = sourcecode.swift; path = HomeResponseApi.swift; sourceTree = "<group>"; };
		8D23FA0B2503BE640036B6CD /* Constants.swift */ = {isa = PBXFileReference; lastKnownFileType = sourcecode.swift; path = Constants.swift; sourceTree = "<group>"; };
		8D872E3024FB7F2700BC8731 /* UicollectionInTableView.app */ = {isa = PBXFileReference; explicitFileType = wrapper.application; includeInIndex = 0; path = UicollectionInTableView.app; sourceTree = BUILT_PRODUCTS_DIR; };
		8D872E3324FB7F2700BC8731 /* AppDelegate.swift */ = {isa = PBXFileReference; lastKnownFileType = sourcecode.swift; path = AppDelegate.swift; sourceTree = "<group>"; };
		8D872E3524FB7F2700BC8731 /* ViewController.swift */ = {isa = PBXFileReference; lastKnownFileType = sourcecode.swift; path = ViewController.swift; sourceTree = "<group>"; };
		8D872E3824FB7F2700BC8731 /* Base */ = {isa = PBXFileReference; lastKnownFileType = file.storyboard; name = Base; path = Base.lproj/Main.storyboard; sourceTree = "<group>"; };
		8D872E3A24FB7F2900BC8731 /* Assets.xcassets */ = {isa = PBXFileReference; lastKnownFileType = folder.assetcatalog; path = Assets.xcassets; sourceTree = "<group>"; };
		8D872E3D24FB7F2900BC8731 /* Base */ = {isa = PBXFileReference; lastKnownFileType = file.storyboard; name = Base; path = Base.lproj/LaunchScreen.storyboard; sourceTree = "<group>"; };
		8D872E3F24FB7F2900BC8731 /* Info.plist */ = {isa = PBXFileReference; lastKnownFileType = text.plist.xml; path = Info.plist; sourceTree = "<group>"; };
		8D872E4524FB827D00BC8731 /* TableViewCell.swift */ = {isa = PBXFileReference; lastKnownFileType = sourcecode.swift; path = TableViewCell.swift; sourceTree = "<group>"; };
		8DDB35CC250571CE005C1BD4 /* ItemsApi.swift */ = {isa = PBXFileReference; lastKnownFileType = sourcecode.swift; path = ItemsApi.swift; sourceTree = "<group>"; };
		8DE983012504EFD0009F08F7 /* Subcategory.swift */ = {isa = PBXFileReference; fileEncoding = 4; lastKnownFileType = sourcecode.swift; path = Subcategory.swift; sourceTree = "<group>"; };
		8DE983022504EFD0009F08F7 /* Daily_deals.swift */ = {isa = PBXFileReference; fileEncoding = 4; lastKnownFileType = sourcecode.swift; path = Daily_deals.swift; sourceTree = "<group>"; };
		8DE983032504EFD0009F08F7 /* Items.swift */ = {isa = PBXFileReference; fileEncoding = 4; lastKnownFileType = sourcecode.swift; path = Items.swift; sourceTree = "<group>"; };
		8DE983042504EFD0009F08F7 /* HomeResponse.swift */ = {isa = PBXFileReference; fileEncoding = 4; lastKnownFileType = sourcecode.swift; path = HomeResponse.swift; sourceTree = "<group>"; };
		8DE983052504EFD0009F08F7 /* Sections.swift */ = {isa = PBXFileReference; fileEncoding = 4; lastKnownFileType = sourcecode.swift; path = Sections.swift; sourceTree = "<group>"; };
		8DE983062504EFD0009F08F7 /* Category.swift */ = {isa = PBXFileReference; fileEncoding = 4; lastKnownFileType = sourcecode.swift; path = Category.swift; sourceTree = "<group>"; };
		8DE983072504EFD0009F08F7 /* Banner.swift */ = {isa = PBXFileReference; fileEncoding = 4; lastKnownFileType = sourcecode.swift; path = Banner.swift; sourceTree = "<group>"; };
		B5C5B67BD2FF7AFE244A4F8A /* Pods-UicollectionInTableView.release.xcconfig */ = {isa = PBXFileReference; includeInIndex = 1; lastKnownFileType = text.xcconfig; name = "Pods-UicollectionInTableView.release.xcconfig"; path = "Pods/Target Support Files/Pods-UicollectionInTableView/Pods-UicollectionInTableView.release.xcconfig"; sourceTree = "<group>"; };
/* End PBXFileReference section */

/* Begin PBXFrameworksBuildPhase section */
		8D872E2D24FB7F2600BC8731 /* Frameworks */ = {
			isa = PBXFrameworksBuildPhase;
			buildActionMask = 2147483647;
			files = (
				309B5335CC97060A9B099FA1 /* Pods_UicollectionInTableView.framework in Frameworks */,
			);
			runOnlyForDeploymentPostprocessing = 0;
		};
/* End PBXFrameworksBuildPhase section */

/* Begin PBXGroup section */
		8D23FA052503BD8D0036B6CD /* Services */ = {
			isa = PBXGroup;
			children = (
				8D23FA062503BDA30036B6CD /* HomeResponseApi.swift */,
				8DDB35CC250571CE005C1BD4 /* ItemsApi.swift */,
			);
			path = Services;
			sourceTree = "<group>";
		};
		8D23FA0A2503BE490036B6CD /* Utils */ = {
			isa = PBXGroup;
			children = (
				8D23FA0B2503BE640036B6CD /* Constants.swift */,
			);
			path = Utils;
			sourceTree = "<group>";
		};
		8D872E2724FB7F2600BC8731 = {
			isa = PBXGroup;
			children = (
				8D872E3224FB7F2700BC8731 /* UicollectionInTableView */,
				8D872E3124FB7F2700BC8731 /* Products */,
				AC4F82797E1A6A6C294883B1 /* Pods */,
				FC91A6A88190A16F27039B56 /* Frameworks */,
			);
			sourceTree = "<group>";
		};
		8D872E3124FB7F2700BC8731 /* Products */ = {
			isa = PBXGroup;
			children = (
				8D872E3024FB7F2700BC8731 /* UicollectionInTableView.app */,
			);
			name = Products;
			sourceTree = "<group>";
		};
		8D872E3224FB7F2700BC8731 /* UicollectionInTableView */ = {
			isa = PBXGroup;
			children = (
				8DE9830F2504EFE3009F08F7 /* Model */,
				8DDB35CE25057302005C1BD4 /* Controller */,
				8D23FA0A2503BE490036B6CD /* Utils */,
				8D23FA052503BD8D0036B6CD /* Services */,
				8D872E3324FB7F2700BC8731 /* AppDelegate.swift */,
				8D872E3724FB7F2700BC8731 /* Main.storyboard */,
				8D872E3A24FB7F2900BC8731 /* Assets.xcassets */,
				8D872E3C24FB7F2900BC8731 /* LaunchScreen.storyboard */,
				8D872E3F24FB7F2900BC8731 /* Info.plist */,
				8D872E4524FB827D00BC8731 /* TableViewCell.swift */,
			);
			path = UicollectionInTableView;
			sourceTree = "<group>";
		};
		8DDB35CE25057302005C1BD4 /* Controller */ = {
			isa = PBXGroup;
			children = (
				8D872E3524FB7F2700BC8731 /* ViewController.swift */,
			);
			path = Controller;
			sourceTree = "<group>";
		};
		8DE9830F2504EFE3009F08F7 /* Model */ = {
			isa = PBXGroup;
			children = (
				8DE983072504EFD0009F08F7 /* Banner.swift */,
				8DE983062504EFD0009F08F7 /* Category.swift */,
				8DE983022504EFD0009F08F7 /* Daily_deals.swift */,
				8DE983032504EFD0009F08F7 /* Items.swift */,
				8DE983042504EFD0009F08F7 /* HomeResponse.swift */,
				8DE983052504EFD0009F08F7 /* Sections.swift */,
				8DE983012504EFD0009F08F7 /* Subcategory.swift */,
			);
			path = Model;
			sourceTree = "<group>";
		};
		AC4F82797E1A6A6C294883B1 /* Pods */ = {
			isa = PBXGroup;
			children = (
				272B674ACC5F670D7BE5255E /* Pods-UicollectionInTableView.debug.xcconfig */,
				B5C5B67BD2FF7AFE244A4F8A /* Pods-UicollectionInTableView.release.xcconfig */,
			);
			name = Pods;
			sourceTree = "<group>";
		};
		FC91A6A88190A16F27039B56 /* Frameworks */ = {
			isa = PBXGroup;
			children = (
				095F703AAD61F922821E8B25 /* Pods_UicollectionInTableView.framework */,
			);
			name = Frameworks;
			sourceTree = "<group>";
		};
/* End PBXGroup section */

/* Begin PBXNativeTarget section */
		8D872E2F24FB7F2600BC8731 /* UicollectionInTableView */ = {
			isa = PBXNativeTarget;
			buildConfigurationList = 8D872E4224FB7F2900BC8731 /* Build configuration list for PBXNativeTarget "UicollectionInTableView" */;
			buildPhases = (
				285A0414977EEDA4C57DAC14 /* [CP] Check Pods Manifest.lock */,
				8D872E2C24FB7F2600BC8731 /* Sources */,
				8D872E2D24FB7F2600BC8731 /* Frameworks */,
				8D872E2E24FB7F2600BC8731 /* Resources */,
				824BB46717ADDCEBF29F43B8 /* [CP] Embed Pods Frameworks */,
			);
			buildRules = (
			);
			dependencies = (
			);
			name = UicollectionInTableView;
			productName = UicollectionInTableView;
			productReference = 8D872E3024FB7F2700BC8731 /* UicollectionInTableView.app */;
			productType = "com.apple.product-type.application";
		};
/* End PBXNativeTarget section */

/* Begin PBXProject section */
		8D872E2824FB7F2600BC8731 /* Project object */ = {
			isa = PBXProject;
			attributes = {
				LastSwiftUpdateCheck = 1010;
				LastUpgradeCheck = 1010;
				ORGANIZATIONNAME = "fahad rasheed";
				TargetAttributes = {
					8D872E2F24FB7F2600BC8731 = {
						CreatedOnToolsVersion = 10.1;
					};
				};
			};
			buildConfigurationList = 8D872E2B24FB7F2600BC8731 /* Build configuration list for PBXProject "UicollectionInTableView" */;
			compatibilityVersion = "Xcode 9.3";
			developmentRegion = en;
			hasScannedForEncodings = 0;
			knownRegions = (
				en,
				Base,
			);
			mainGroup = 8D872E2724FB7F2600BC8731;
			productRefGroup = 8D872E3124FB7F2700BC8731 /* Products */;
			projectDirPath = "";
			projectRoot = "";
			targets = (
				8D872E2F24FB7F2600BC8731 /* UicollectionInTableView */,
			);
		};
/* End PBXProject section */

/* Begin PBXResourcesBuildPhase section */
		8D872E2E24FB7F2600BC8731 /* Resources */ = {
			isa = PBXResourcesBuildPhase;
			buildActionMask = 2147483647;
			files = (
				8D872E3E24FB7F2900BC8731 /* LaunchScreen.storyboard in Resources */,
				8D872E3B24FB7F2900BC8731 /* Assets.xcassets in Resources */,
				8D872E3924FB7F2700BC8731 /* Main.storyboard in Resources */,
			);
			runOnlyForDeploymentPostprocessing = 0;
		};
/* End PBXResourcesBuildPhase section */

/* Begin PBXShellScriptBuildPhase section */
		285A0414977EEDA4C57DAC14 /* [CP] Check Pods Manifest.lock */ = {
			isa = PBXShellScriptBuildPhase;
			buildActionMask = 2147483647;
			files = (
			);
			inputPaths = (
				"${PODS_PODFILE_DIR_PATH}/Podfile.lock",
				"${PODS_ROOT}/Manifest.lock",
			);
			name = "[CP] Check Pods Manifest.lock";
			outputPaths = (
				"$(DERIVED_FILE_DIR)/Pods-UicollectionInTableView-checkManifestLockResult.txt",
			);
			runOnlyForDeploymentPostprocessing = 0;
			shellPath = /bin/sh;
			shellScript = "diff \"${PODS_PODFILE_DIR_PATH}/Podfile.lock\" \"${PODS_ROOT}/Manifest.lock\" > /dev/null\nif [ $? != 0 ] ; then\n    # print error to STDERR\n    echo \"error: The sandbox is not in sync with the Podfile.lock. Run 'pod install' or update your CocoaPods installation.\" >&2\n    exit 1\nfi\n# This output is used by Xcode 'outputs' to avoid re-running this script phase.\necho \"SUCCESS\" > \"${SCRIPT_OUTPUT_FILE_0}\"\n";
			showEnvVarsInLog = 0;
		};
		824BB46717ADDCEBF29F43B8 /* [CP] Embed Pods Frameworks */ = {
			isa = PBXShellScriptBuildPhase;
			buildActionMask = 2147483647;
			files = (
			);
			inputFileListPaths = (
				"${PODS_ROOT}/Target Support Files/Pods-UicollectionInTableView/Pods-UicollectionInTableView-frameworks-${CONFIGURATION}-input-files.xcfilelist",
			);
			name = "[CP] Embed Pods Frameworks";
			outputFileListPaths = (
				"${PODS_ROOT}/Target Support Files/Pods-UicollectionInTableView/Pods-UicollectionInTableView-frameworks-${CONFIGURATION}-output-files.xcfilelist",
			);
			runOnlyForDeploymentPostprocessing = 0;
			shellPath = /bin/sh;
			shellScript = "\"${PODS_ROOT}/Target Support Files/Pods-UicollectionInTableView/Pods-UicollectionInTableView-frameworks.sh\"\n";
			showEnvVarsInLog = 0;
		};
/* End PBXShellScriptBuildPhase section */

/* Begin PBXSourcesBuildPhase section */
		8D872E2C24FB7F2600BC8731 /* Sources */ = {
			isa = PBXSourcesBuildPhase;
			buildActionMask = 2147483647;
			files = (
				8DE9830C2504EFD0009F08F7 /* Sections.swift in Sources */,
				8D872E4624FB827D00BC8731 /* TableViewCell.swift in Sources */,
				8DE9830E2504EFD0009F08F7 /* Banner.swift in Sources */,
				8D23FA072503BDA30036B6CD /* HomeResponseApi.swift in Sources */,
				8DDB35CD250571CE005C1BD4 /* ItemsApi.swift in Sources */,
				8DE9830B2504EFD0009F08F7 /* HomeResponse.swift in Sources */,
				8D872E3624FB7F2700BC8731 /* ViewController.swift in Sources */,
				8DE9830A2504EFD0009F08F7 /* Items.swift in Sources */,
				8D872E3424FB7F2700BC8731 /* AppDelegate.swift in Sources */,
				8DE983082504EFD0009F08F7 /* Subcategory.swift in Sources */,
				8D23FA0C2503BE640036B6CD /* Constants.swift in Sources */,
				8DE983092504EFD0009F08F7 /* Daily_deals.swift in Sources */,
				8DE9830D2504EFD0009F08F7 /* Category.swift in Sources */,
			);
			runOnlyForDeploymentPostprocessing = 0;
		};
/* End PBXSourcesBuildPhase section */

/* Begin PBXVariantGroup section */
		8D872E3724FB7F2700BC8731 /* Main.storyboard */ = {
			isa = PBXVariantGroup;
			children = (
				8D872E3824FB7F2700BC8731 /* Base */,
			);
			name = Main.storyboard;
			sourceTree = "<group>";
		};
		8D872E3C24FB7F2900BC8731 /* LaunchScreen.storyboard */ = {
			isa = PBXVariantGroup;
			children = (
				8D872E3D24FB7F2900BC8731 /* Base */,
			);
			name = LaunchScreen.storyboard;
			sourceTree = "<group>";
		};
/* End PBXVariantGroup section */

/* Begin XCBuildConfiguration section */
		8D872E4024FB7F2900BC8731 /* Debug */ = {
			isa = XCBuildConfiguration;
			buildSettings = {
				ALWAYS_SEARCH_USER_PATHS = NO;
				CLANG_ANALYZER_NONNULL = YES;
				CLANG_ANALYZER_NUMBER_OBJECT_CONVERSION = YES_AGGRESSIVE;
				CLANG_CXX_LANGUAGE_STANDARD = "gnu++14";
				CLANG_CXX_LIBRARY = "libc++";
				CLANG_ENABLE_MODULES = YES;
				CLANG_ENABLE_OBJC_ARC = YES;
				CLANG_ENABLE_OBJC_WEAK = YES;
				CLANG_WARN_BLOCK_CAPTURE_AUTORELEASING = YES;
				CLANG_WARN_BOOL_CONVERSION = YES;
				CLANG_WARN_COMMA = YES;
				CLANG_WARN_CONSTANT_CONVERSION = YES;
				CLANG_WARN_DEPRECATED_OBJC_IMPLEMENTATIONS = YES;
				CLANG_WARN_DIRECT_OBJC_ISA_USAGE = YES_ERROR;
				CLANG_WARN_DOCUMENTATION_COMMENTS = YES;
				CLANG_WARN_EMPTY_BODY = YES;
				CLANG_WARN_ENUM_CONVERSION = YES;
				CLANG_WARN_INFINITE_RECURSION = YES;
				CLANG_WARN_INT_CONVERSION = YES;
				CLANG_WARN_NON_LITERAL_NULL_CONVERSION = YES;
				CLANG_WARN_OBJC_IMPLICIT_RETAIN_SELF = YES;
				CLANG_WARN_OBJC_LITERAL_CONVERSION = YES;
				CLANG_WARN_OBJC_ROOT_CLASS = YES_ERROR;
				CLANG_WARN_RANGE_LOOP_ANALYSIS = YES;
				CLANG_WARN_STRICT_PROTOTYPES = YES;
				CLANG_WARN_SUSPICIOUS_MOVE = YES;
				CLANG_WARN_UNGUARDED_AVAILABILITY = YES_AGGRESSIVE;
				CLANG_WARN_UNREACHABLE_CODE = YES;
				CLANG_WARN__DUPLICATE_METHOD_MATCH = YES;
				CODE_SIGN_IDENTITY = "iPhone Developer";
				COPY_PHASE_STRIP = NO;
				DEBUG_INFORMATION_FORMAT = dwarf;
				ENABLE_STRICT_OBJC_MSGSEND = YES;
				ENABLE_TESTABILITY = YES;
				GCC_C_LANGUAGE_STANDARD = gnu11;
				GCC_DYNAMIC_NO_PIC = NO;
				GCC_NO_COMMON_BLOCKS = YES;
				GCC_OPTIMIZATION_LEVEL = 0;
				GCC_PREPROCESSOR_DEFINITIONS = (
					"DEBUG=1",
					"$(inherited)",
				);
				GCC_WARN_64_TO_32_BIT_CONVERSION = YES;
				GCC_WARN_ABOUT_RETURN_TYPE = YES_ERROR;
				GCC_WARN_UNDECLARED_SELECTOR = YES;
				GCC_WARN_UNINITIALIZED_AUTOS = YES_AGGRESSIVE;
				GCC_WARN_UNUSED_FUNCTION = YES;
				GCC_WARN_UNUSED_VARIABLE = YES;
				IPHONEOS_DEPLOYMENT_TARGET = 12.1;
				MTL_ENABLE_DEBUG_INFO = INCLUDE_SOURCE;
				MTL_FAST_MATH = YES;
				ONLY_ACTIVE_ARCH = YES;
				SDKROOT = iphoneos;
				SWIFT_ACTIVE_COMPILATION_CONDITIONS = DEBUG;
				SWIFT_OPTIMIZATION_LEVEL = "-Onone";
			};
			name = Debug;
		};
		8D872E4124FB7F2900BC8731 /* Release */ = {
			isa = XCBuildConfiguration;
			buildSettings = {
				ALWAYS_SEARCH_USER_PATHS = NO;
				CLANG_ANALYZER_NONNULL = YES;
				CLANG_ANALYZER_NUMBER_OBJECT_CONVERSION = YES_AGGRESSIVE;
				CLANG_CXX_LANGUAGE_STANDARD = "gnu++14";
				CLANG_CXX_LIBRARY = "libc++";
				CLANG_ENABLE_MODULES = YES;
				CLANG_ENABLE_OBJC_ARC = YES;
				CLANG_ENABLE_OBJC_WEAK = YES;
				CLANG_WARN_BLOCK_CAPTURE_AUTORELEASING = YES;
				CLANG_WARN_BOOL_CONVERSION = YES;
				CLANG_WARN_COMMA = YES;
				CLANG_WARN_CONSTANT_CONVERSION = YES;
				CLANG_WARN_DEPRECATED_OBJC_IMPLEMENTATIONS = YES;
				CLANG_WARN_DIRECT_OBJC_ISA_USAGE = YES_ERROR;
				CLANG_WARN_DOCUMENTATION_COMMENTS = YES;
				CLANG_WARN_EMPTY_BODY = YES;
				CLANG_WARN_ENUM_CONVERSION = YES;
				CLANG_WARN_INFINITE_RECURSION = YES;
				CLANG_WARN_INT_CONVERSION = YES;
				CLANG_WARN_NON_LITERAL_NULL_CONVERSION = YES;
				CLANG_WARN_OBJC_IMPLICIT_RETAIN_SELF = YES;
				CLANG_WARN_OBJC_LITERAL_CONVERSION = YES;
				CLANG_WARN_OBJC_ROOT_CLASS = YES_ERROR;
				CLANG_WARN_RANGE_LOOP_ANALYSIS = YES;
				CLANG_WARN_STRICT_PROTOTYPES = YES;
				CLANG_WARN_SUSPICIOUS_MOVE = YES;
				CLANG_WARN_UNGUARDED_AVAILABILITY = YES_AGGRESSIVE;
				CLANG_WARN_UNREACHABLE_CODE = YES;
				CLANG_WARN__DUPLICATE_METHOD_MATCH = YES;
				CODE_SIGN_IDENTITY = "iPhone Developer";
				COPY_PHASE_STRIP = NO;
				DEBUG_INFORMATION_FORMAT = "dwarf-with-dsym";
				ENABLE_NS_ASSERTIONS = NO;
				ENABLE_STRICT_OBJC_MSGSEND = YES;
				GCC_C_LANGUAGE_STANDARD = gnu11;
				GCC_NO_COMMON_BLOCKS = YES;
				GCC_WARN_64_TO_32_BIT_CONVERSION = YES;
				GCC_WARN_ABOUT_RETURN_TYPE = YES_ERROR;
				GCC_WARN_UNDECLARED_SELECTOR = YES;
				GCC_WARN_UNINITIALIZED_AUTOS = YES_AGGRESSIVE;
				GCC_WARN_UNUSED_FUNCTION = YES;
				GCC_WARN_UNUSED_VARIABLE = YES;
				IPHONEOS_DEPLOYMENT_TARGET = 12.1;
				MTL_ENABLE_DEBUG_INFO = NO;
				MTL_FAST_MATH = YES;
				SDKROOT = iphoneos;
				SWIFT_COMPILATION_MODE = wholemodule;
				SWIFT_OPTIMIZATION_LEVEL = "-O";
				VALIDATE_PRODUCT = YES;
			};
			name = Release;
		};
		8D872E4324FB7F2900BC8731 /* Debug */ = {
			isa = XCBuildConfiguration;
			baseConfigurationReference = 272B674ACC5F670D7BE5255E /* Pods-UicollectionInTableView.debug.xcconfig */;
			buildSettings = {
				ASSETCATALOG_COMPILER_APPICON_NAME = AppIcon;
				CODE_SIGN_STYLE = Automatic;
				DEVELOPMENT_TEAM = "";
				INFOPLIST_FILE = UicollectionInTableView/Info.plist;
				LD_RUNPATH_SEARCH_PATHS = (
					"$(inherited)",
					"@executable_path/Frameworks",
				);
				PRODUCT_BUNDLE_IDENTIFIER = tag.fahad;
				PRODUCT_NAME = "$(TARGET_NAME)";
				SWIFT_ENABLE_BATCH_MODE = NO;
				SWIFT_VERSION = 4.2;
				TARGETED_DEVICE_FAMILY = "1,2";
			};
			name = Debug;
		};
		8D872E4424FB7F2900BC8731 /* Release */ = {
			isa = XCBuildConfiguration;
			baseConfigurationReference = B5C5B67BD2FF7AFE244A4F8A /* Pods-UicollectionInTableView.release.xcconfig */;
			buildSettings = {
				ASSETCATALOG_COMPILER_APPICON_NAME = AppIcon;
				CODE_SIGN_STYLE = Automatic;
				DEVELOPMENT_TEAM = "";
				INFOPLIST_FILE = UicollectionInTableView/Info.plist;
				LD_RUNPATH_SEARCH_PATHS = (
					"$(inherited)",
					"@executable_path/Frameworks",
				);
				PRODUCT_BUNDLE_IDENTIFIER = tag.fahad;
				PRODUCT_NAME = "$(TARGET_NAME)";
				SWIFT_ENABLE_BATCH_MODE = NO;
				SWIFT_VERSION = 4.2;
				TARGETED_DEVICE_FAMILY = "1,2";
			};
			name = Release;
		};
/* End XCBuildConfiguration section */

/* Begin XCConfigurationList section */
		8D872E2B24FB7F2600BC8731 /* Build configuration list for PBXProject "UicollectionInTableView" */ = {
			isa = XCConfigurationList;
			buildConfigurations = (
				8D872E4024FB7F2900BC8731 /* Debug */,
				8D872E4124FB7F2900BC8731 /* Release */,
			);
			defaultConfigurationIsVisible = 0;
			defaultConfigurationName = Release;
		};
		8D872E4224FB7F2900BC8731 /* Build configuration list for PBXNativeTarget "UicollectionInTableView" */ = {
			isa = XCConfigurationList;
			buildConfigurations = (
				8D872E4324FB7F2900BC8731 /* Debug */,
				8D872E4424FB7F2900BC8731 /* Release */,
			);
			defaultConfigurationIsVisible = 0;
			defaultConfigurationName = Release;
		};
/* End XCConfigurationList section */
	};
	rootObject = 8D872E2824FB7F2600BC8731 /* Project object */;
}
